
Microsoft Visual Studio Solution File, Format Version 12.00
# Visual Studio Version 17
VisualStudioVersion = 17.3.32922.545
MinimumVisualStudioVersion = 10.0.40219.1
Project("{FAE04EC0-301F-11D3-BF4B-00C04F79EFBC}") = "Homework_3", "Homework_3\Homework_3.csproj", "{442B4A7B-0ED6-4BAB-BC7F-F0FA56E87BBD}"
EndProject
Global
	GlobalSection(SolutionConfigurationPlatforms) = preSolution
		Debug|Any CPU = Debug|Any CPU
		Release|Any CPU = Release|Any CPU
	EndGlobalSection
	GlobalSection(ProjectConfigurationPlatforms) = postSolution
		{442B4A7B-0ED6-4BAB-BC7F-F0FA56E87BBD}.Debug|Any CPU.ActiveCfg = Debug|Any CPU
		{442B4A7B-0ED6-4BAB-BC7F-F0FA56E87BBD}.Debug|Any CPU.Build.0 = Debug|Any CPU
		{442B4A7B-0ED6-4BAB-BC7F-F0FA56E87BBD}.Release|Any CPU.ActiveCfg = Release|Any CPU
		{442B4A7B-0ED6-4BAB-BC7F-F0FA56E87BBD}.Release|Any CPU.Build.0 = Release|Any CPU
	EndGlobalSection
	GlobalSection(SolutionProperties) = preSolution
		HideSolutionNode = FALSE
	EndGlobalSection
	GlobalSection(ExtensibilityGlobals) = postSolution
		SolutionGuid = {E2464A4B-C69E-4A04-BD15-04CBBC8F215A}
	EndGlobalSection
EndGlobal
